
Microsoft Visual Studio Solution File, Format Version 12.00
# Visual Studio Version 16
VisualStudioVersion = 16.0.31624.102
MinimumVisualStudioVersion = 10.0.40219.1
Project("{FAE04EC0-301F-11D3-BF4B-00C04F79EFBC}") = "WinFormUI", "WinFormUI\WinFormUI.csproj", "{43712109-AABF-457E-8380-E233DB5874BE}"
EndProject
Global
	GlobalSection(SolutionConfigurationPlatforms) = preSolution
		Debug|Any CPU = Debug|Any CPU
		Release|Any CPU = Release|Any CPU
	EndGlobalSection
	GlobalSection(ProjectConfigurationPlatforms) = postSolution
		{43712109-AABF-457E-8380-E233DB5874BE}.Debug|Any CPU.ActiveCfg = Debug|Any CPU
		{43712109-AABF-457E-8380-E233DB5874BE}.Debug|Any CPU.Build.0 = Debug|Any CPU
		{43712109-AABF-457E-8380-E233DB5874BE}.Release|Any CPU.ActiveCfg = Release|Any CPU
		{43712109-AABF-457E-8380-E233DB5874BE}.Release|Any CPU.Build.0 = Release|Any CPU
	EndGlobalSection
	GlobalSection(SolutionProperties) = preSolution
		HideSolutionNode = FALSE
	EndGlobalSection
	GlobalSection(ExtensibilityGlobals) = postSolution
		SolutionGuid = {35E78D96-32A5-4DE1-93A2-928C019EBEA9}
	EndGlobalSection
EndGlobal
